
Microsoft Visual Studio Solution File, Format Version 12.00
# Visual Studio Version 17
VisualStudioVersion = 17.8.34525.116
MinimumVisualStudioVersion = 10.0.40219.1
Project("{FAE04EC0-301F-11D3-BF4B-00C04F79EFBC}") = "API Users Management", "API Users Management\API Users Management.csproj", "{D7874BDC-72E1-406B-AAB7-38C9E0A21D0F}"
EndProject
Global
	GlobalSection(SolutionConfigurationPlatforms) = preSolution
		Debug|Any CPU = Debug|Any CPU
		Release|Any CPU = Release|Any CPU
	EndGlobalSection
	GlobalSection(ProjectConfigurationPlatforms) = postSolution
		{D7874BDC-72E1-406B-AAB7-38C9E0A21D0F}.Debug|Any CPU.ActiveCfg = Debug|Any CPU
		{D7874BDC-72E1-406B-AAB7-38C9E0A21D0F}.Debug|Any CPU.Build.0 = Debug|Any CPU
		{D7874BDC-72E1-406B-AAB7-38C9E0A21D0F}.Release|Any CPU.ActiveCfg = Release|Any CPU
		{D7874BDC-72E1-406B-AAB7-38C9E0A21D0F}.Release|Any CPU.Build.0 = Release|Any CPU
	EndGlobalSection
	GlobalSection(SolutionProperties) = preSolution
		HideSolutionNode = FALSE
	EndGlobalSection
	GlobalSection(ExtensibilityGlobals) = postSolution
		SolutionGuid = {E100DFEA-557C-4A91-9BCD-5B980D87FB58}
	EndGlobalSection
EndGlobal
